
Microsoft Visual Studio Solution File, Format Version 12.00
# Visual Studio Version 16
VisualStudioVersion = 16.0.30309.148
MinimumVisualStudioVersion = 10.0.40219.1
Project("{9A19103F-16F7-4668-BE54-9A1E7A4F7556}") = "WebApplication2", "WebApplication2\WebApplication2.csproj", "{52B6D649-CACE-4148-9F1A-5412C4373A98}"
EndProject
Project("{FAE04EC0-301F-11D3-BF4B-00C04F79EFBC}") = "Logic.Tests", "Logic.Tests\Logic.Tests.csproj", "{D2EF8833-30F8-4D5C-A9F8-701D783CFABB}"
EndProject
Global
	GlobalSection(SolutionConfigurationPlatforms) = preSolution
		Debug|Any CPU = Debug|Any CPU
		Release|Any CPU = Release|Any CPU
	EndGlobalSection
	GlobalSection(ProjectConfigurationPlatforms) = postSolution
		{52B6D649-CACE-4148-9F1A-5412C4373A98}.Debug|Any CPU.ActiveCfg = Debug|Any CPU
		{52B6D649-CACE-4148-9F1A-5412C4373A98}.Debug|Any CPU.Build.0 = Debug|Any CPU
		{52B6D649-CACE-4148-9F1A-5412C4373A98}.Release|Any CPU.ActiveCfg = Release|Any CPU
		{52B6D649-CACE-4148-9F1A-5412C4373A98}.Release|Any CPU.Build.0 = Release|Any CPU
		{D2EF8833-30F8-4D5C-A9F8-701D783CFABB}.Debug|Any CPU.ActiveCfg = Debug|Any CPU
		{D2EF8833-30F8-4D5C-A9F8-701D783CFABB}.Debug|Any CPU.Build.0 = Debug|Any CPU
		{D2EF8833-30F8-4D5C-A9F8-701D783CFABB}.Release|Any CPU.ActiveCfg = Release|Any CPU
		{D2EF8833-30F8-4D5C-A9F8-701D783CFABB}.Release|Any CPU.Build.0 = Release|Any CPU
	EndGlobalSection
	GlobalSection(SolutionProperties) = preSolution
		HideSolutionNode = FALSE
	EndGlobalSection
	GlobalSection(ExtensibilityGlobals) = postSolution
		SolutionGuid = {D427027F-B0FC-4DBB-BD39-77199121902D}
	EndGlobalSection
EndGlobal
